// !$*UTF8*$!
{
    archiveVersion = 1;
    classes = {
    };
    objectVersion = 56;
    objects = {

/* Begin PBXBuildFile section */
        B10000000000000000000001 /* QudratMaghrabiApp.swift in Sources */ = {isa = PBXBuildFile; fileRef = C10000000000000000000001 /* QudratMaghrabiApp.swift */; };
        B10000000000000000000002 /* AppShellView.swift in Sources */ = {isa = PBXBuildFile; fileRef = C10000000000000000000002 /* AppShellView.swift */; };
        B10000000000000000000003 /* QMTheme.swift in Sources */ = {isa = PBXBuildFile; fileRef = C10000000000000000000003 /* QMTheme.swift */; };
        B10000000000000000000004 /* QMComponents.swift in Sources */ = {isa = PBXBuildFile; fileRef = C10000000000000000000004 /* QMComponents.swift */; };
        B10000000000000000000005 /* HomeView.swift in Sources */ = {isa = PBXBuildFile; fileRef = C10000000000000000000005 /* HomeView.swift */; };
        B10000000000000000000006 /* LessonView.swift in Sources */ = {isa = PBXBuildFile; fileRef = C10000000000000000000006 /* LessonView.swift */; };
        B10000000000000000000007 /* PracticeView.swift in Sources */ = {isa = PBXBuildFile; fileRef = C10000000000000000000007 /* PracticeView.swift */; };
        B10000000000000000000008 /* ProfileView.swift in Sources */ = {isa = PBXBuildFile; fileRef = C10000000000000000000008 /* ProfileView.swift */; };
        B10000000000000000000009 /* Assets.xcassets in Resources */ = {isa = PBXBuildFile; fileRef = C10000000000000000000009 /* Assets.xcassets */; };
        B1000000000000000000000A /* frutiger-arabic-light.ttf in Resources */ = {isa = PBXBuildFile; fileRef = C1000000000000000000000A /* frutiger-arabic-light.ttf */; };
        B1000000000000000000000B /* frutiger-arabic-roman.ttf in Resources */ = {isa = PBXBuildFile; fileRef = C1000000000000000000000B /* frutiger-arabic-roman.ttf */; };
        B1000000000000000000000C /* frutiger-arabic-bold.otf in Resources */ = {isa = PBXBuildFile; fileRef = C1000000000000000000000C /* frutiger-arabic-bold.otf */; };
        B1000000000000000000000D /* frutiger-arabic-black.otf in Resources */ = {isa = PBXBuildFile; fileRef = C1000000000000000000000D /* frutiger-arabic-black.otf */; };
        B1000000000000000000000E /* Supabase in Frameworks */ = {isa = PBXBuildFile; productRef = A50000000000000000000001 /* Supabase */; };
        B1000000000000000000000F /* AppConfiguration.swift in Sources */ = {isa = PBXBuildFile; fileRef = C10000000000000000000011 /* AppConfiguration.swift */; };
        B10000000000000000000010 /* AppSession.swift in Sources */ = {isa = PBXBuildFile; fileRef = C10000000000000000000012 /* AppSession.swift */; };
        B10000000000000000000011 /* PlatformModels.swift in Sources */ = {isa = PBXBuildFile; fileRef = C10000000000000000000013 /* PlatformModels.swift */; };
        B10000000000000000000012 /* PlatformService.swift in Sources */ = {isa = PBXBuildFile; fileRef = C10000000000000000000014 /* PlatformService.swift */; };
        B10000000000000000000013 /* AuthView.swift in Sources */ = {isa = PBXBuildFile; fileRef = C10000000000000000000015 /* AuthView.swift */; };
        B10000000000000000000014 /* NotificationsView.swift in Sources */ = {isa = PBXBuildFile; fileRef = C10000000000000000000016 /* NotificationsView.swift */; };
        B10000000000000000000015 /* ParentDashboardView.swift in Sources */ = {isa = PBXBuildFile; fileRef = C10000000000000000000017 /* ParentDashboardView.swift */; };
        B10000000000000000000016 /* VideoPlayerView.swift in Sources */ = {isa = PBXBuildFile; fileRef = C10000000000000000000018 /* VideoPlayerView.swift */; };
        B10000000000000000000017 /* PrivacyInfo.xcprivacy in Resources */ = {isa = PBXBuildFile; fileRef = C10000000000000000000019 /* PrivacyInfo.xcprivacy */; };
/* End PBXBuildFile section */

/* Begin PBXFileReference section */
        C10000000000000000000001 /* QudratMaghrabiApp.swift */ = {isa = PBXFileReference; lastKnownFileType = sourcecode.swift; path = QudratMaghrabiApp.swift; sourceTree = "<group>"; };
        C10000000000000000000002 /* AppShellView.swift */ = {isa = PBXFileReference; lastKnownFileType = sourcecode.swift; path = AppShellView.swift; sourceTree = "<group>"; };
        C10000000000000000000003 /* QMTheme.swift */ = {isa = PBXFileReference; lastKnownFileType = sourcecode.swift; path = QMTheme.swift; sourceTree = "<group>"; };
        C10000000000000000000004 /* QMComponents.swift */ = {isa = PBXFileReference; lastKnownFileType = sourcecode.swift; path = QMComponents.swift; sourceTree = "<group>"; };
        C10000000000000000000005 /* HomeView.swift */ = {isa = PBXFileReference; lastKnownFileType = sourcecode.swift; path = HomeView.swift; sourceTree = "<group>"; };
        C10000000000000000000006 /* LessonView.swift */ = {isa = PBXFileReference; lastKnownFileType = sourcecode.swift; path = LessonView.swift; sourceTree = "<group>"; };
        C10000000000000000000007 /* PracticeView.swift */ = {isa = PBXFileReference; lastKnownFileType = sourcecode.swift; path = PracticeView.swift; sourceTree = "<group>"; };
        C10000000000000000000008 /* ProfileView.swift */ = {isa = PBXFileReference; lastKnownFileType = sourcecode.swift; path = ProfileView.swift; sourceTree = "<group>"; };
        C10000000000000000000009 /* Assets.xcassets */ = {isa = PBXFileReference; lastKnownFileType = folder.assetcatalog; path = Assets.xcassets; sourceTree = "<group>"; };
        C1000000000000000000000A /* frutiger-arabic-light.ttf */ = {isa = PBXFileReference; lastKnownFileType = file; path = "frutiger-arabic-light.ttf"; sourceTree = "<group>"; };
        C1000000000000000000000B /* frutiger-arabic-roman.ttf */ = {isa = PBXFileReference; lastKnownFileType = file; path = "frutiger-arabic-roman.ttf"; sourceTree = "<group>"; };
        C1000000000000000000000C /* frutiger-arabic-bold.otf */ = {isa = PBXFileReference; lastKnownFileType = file; path = "frutiger-arabic-bold.otf"; sourceTree = "<group>"; };
        C1000000000000000000000D /* frutiger-arabic-black.otf */ = {isa = PBXFileReference; lastKnownFileType = file; path = "frutiger-arabic-black.otf"; sourceTree = "<group>"; };
        C1000000000000000000000E /* Info.plist */ = {isa = PBXFileReference; lastKnownFileType = text.plist.xml; path = Info.plist; sourceTree = "<group>"; };
        C1000000000000000000000F /* QudratMaghrabi.app */ = {isa = PBXFileReference; explicitFileType = wrapper.application; includeInIndex = 0; path = QudratMaghrabi.app; sourceTree = BUILT_PRODUCTS_DIR; };
        C10000000000000000000010 /* Config.xcconfig */ = {isa = PBXFileReference; lastKnownFileType = text.xcconfig; path = Config.xcconfig; sourceTree = "<group>"; };
        C10000000000000000000011 /* AppConfiguration.swift */ = {isa = PBXFileReference; lastKnownFileType = sourcecode.swift; path = AppConfiguration.swift; sourceTree = "<group>"; };
        C10000000000000000000012 /* AppSession.swift */ = {isa = PBXFileReference; lastKnownFileType = sourcecode.swift; path = AppSession.swift; sourceTree = "<group>"; };
        C10000000000000000000013 /* PlatformModels.swift */ = {isa = PBXFileReference; lastKnownFileType = sourcecode.swift; path = PlatformModels.swift; sourceTree = "<group>"; };
        C10000000000000000000014 /* PlatformService.swift */ = {isa = PBXFileReference; lastKnownFileType = sourcecode.swift; path = PlatformService.swift; sourceTree = "<group>"; };
        C10000000000000000000015 /* AuthView.swift */ = {isa = PBXFileReference; lastKnownFileType = sourcecode.swift; path = AuthView.swift; sourceTree = "<group>"; };
        C10000000000000000000016 /* NotificationsView.swift */ = {isa = PBXFileReference; lastKnownFileType = sourcecode.swift; path = NotificationsView.swift; sourceTree = "<group>"; };
        C10000000000000000000017 /* ParentDashboardView.swift */ = {isa = PBXFileReference; lastKnownFileType = sourcecode.swift; path = ParentDashboardView.swift; sourceTree = "<group>"; };
        C10000000000000000000018 /* VideoPlayerView.swift */ = {isa = PBXFileReference; lastKnownFileType = sourcecode.swift; path = VideoPlayerView.swift; sourceTree = "<group>"; };
        C10000000000000000000019 /* PrivacyInfo.xcprivacy */ = {isa = PBXFileReference; lastKnownFileType = text.xml; path = PrivacyInfo.xcprivacy; sourceTree = "<group>"; };
/* End PBXFileReference section */

/* Begin PBXFrameworksBuildPhase section */
        F10000000000000000000001 /* Frameworks */ = {
            isa = PBXFrameworksBuildPhase;
            buildActionMask = 2147483647;
            files = (
                B1000000000000000000000E /* Supabase in Frameworks */,
            );
            runOnlyForDeploymentPostprocessing = 0;
        };
/* End PBXFrameworksBuildPhase section */

/* Begin PBXGroup section */
        D10000000000000000000001 = {
            isa = PBXGroup;
            children = (
                D10000000000000000000003 /* QudratMaghrabi */,
                C10000000000000000000010 /* Config.xcconfig */,
                D10000000000000000000002 /* Products */,
            );
            sourceTree = "<group>";
        };
        D10000000000000000000002 /* Products */ = {
            isa = PBXGroup;
            children = (
                C1000000000000000000000F /* QudratMaghrabi.app */,
            );
            name = Products;
            sourceTree = "<group>";
        };
        D10000000000000000000003 /* QudratMaghrabi */ = {
            isa = PBXGroup;
            children = (
                D10000000000000000000004 /* App */,
                D10000000000000000000005 /* DesignSystem */,
                D10000000000000000000006 /* Components */,
                D1000000000000000000000E /* Models */,
                D1000000000000000000000F /* Services */,
                D10000000000000000000007 /* Features */,
                D1000000000000000000000C /* Resources */,
                C1000000000000000000000E /* Info.plist */,
            );
            path = QudratMaghrabi;
            sourceTree = "<group>";
        };
        D10000000000000000000004 /* App */ = {
            isa = PBXGroup;
            children = (
                C10000000000000000000001 /* QudratMaghrabiApp.swift */,
                C10000000000000000000002 /* AppShellView.swift */,
                C10000000000000000000011 /* AppConfiguration.swift */,
                C10000000000000000000012 /* AppSession.swift */,
            );
            path = App;
            sourceTree = "<group>";
        };
        D10000000000000000000005 /* DesignSystem */ = {
            isa = PBXGroup;
            children = (
                C10000000000000000000003 /* QMTheme.swift */,
            );
            path = DesignSystem;
            sourceTree = "<group>";
        };
        D10000000000000000000006 /* Components */ = {
            isa = PBXGroup;
            children = (
                C10000000000000000000004 /* QMComponents.swift */,
            );
            path = Components;
            sourceTree = "<group>";
        };
        D10000000000000000000007 /* Features */ = {
            isa = PBXGroup;
            children = (
                D10000000000000000000008 /* Home */,
                D10000000000000000000009 /* Lesson */,
                D1000000000000000000000A /* Practice */,
                D1000000000000000000000B /* Profile */,
                D10000000000000000000010 /* Auth */,
                D10000000000000000000011 /* Notifications */,
                D10000000000000000000012 /* Parent */,
            );
            path = Features;
            sourceTree = "<group>";
        };
        D10000000000000000000008 /* Home */ = {
            isa = PBXGroup;
            children = (
                C10000000000000000000005 /* HomeView.swift */,
            );
            path = Home;
            sourceTree = "<group>";
        };
        D10000000000000000000009 /* Lesson */ = {
            isa = PBXGroup;
            children = (
                C10000000000000000000006 /* LessonView.swift */,
            );
            path = Lesson;
            sourceTree = "<group>";
        };
        D1000000000000000000000A /* Practice */ = {
            isa = PBXGroup;
            children = (
                C10000000000000000000007 /* PracticeView.swift */,
            );
            path = Practice;
            sourceTree = "<group>";
        };
        D1000000000000000000000B /* Profile */ = {
            isa = PBXGroup;
            children = (
                C10000000000000000000008 /* ProfileView.swift */,
            );
            path = Profile;
            sourceTree = "<group>";
        };
        D1000000000000000000000C /* Resources */ = {
            isa = PBXGroup;
            children = (
                C10000000000000000000009 /* Assets.xcassets */,
                C10000000000000000000019 /* PrivacyInfo.xcprivacy */,
                D1000000000000000000000D /* Fonts */,
            );
            path = Resources;
            sourceTree = "<group>";
        };
        D1000000000000000000000D /* Fonts */ = {
            isa = PBXGroup;
            children = (
                C1000000000000000000000A /* frutiger-arabic-light.ttf */,
                C1000000000000000000000B /* frutiger-arabic-roman.ttf */,
                C1000000000000000000000C /* frutiger-arabic-bold.otf */,
                C1000000000000000000000D /* frutiger-arabic-black.otf */,
            );
            path = Fonts;
            sourceTree = "<group>";
        };
        D1000000000000000000000E /* Models */ = {
            isa = PBXGroup;
            children = (
                C10000000000000000000013 /* PlatformModels.swift */,
            );
            path = Models;
            sourceTree = "<group>";
        };
        D1000000000000000000000F /* Services */ = {
            isa = PBXGroup;
            children = (
                C10000000000000000000014 /* PlatformService.swift */,
                C10000000000000000000018 /* VideoPlayerView.swift */,
            );
            path = Services;
            sourceTree = "<group>";
        };
        D10000000000000000000010 /* Auth */ = {
            isa = PBXGroup;
            children = (
                C10000000000000000000015 /* AuthView.swift */,
            );
            path = Auth;
            sourceTree = "<group>";
        };
        D10000000000000000000011 /* Notifications */ = {
            isa = PBXGroup;
            children = (
                C10000000000000000000016 /* NotificationsView.swift */,
            );
            path = Notifications;
            sourceTree = "<group>";
        };
        D10000000000000000000012 /* Parent */ = {
            isa = PBXGroup;
            children = (
                C10000000000000000000017 /* ParentDashboardView.swift */,
            );
            path = Parent;
            sourceTree = "<group>";
        };
/* End PBXGroup section */

/* Begin PBXNativeTarget section */
        E10000000000000000000001 /* QudratMaghrabi */ = {
            isa = PBXNativeTarget;
            buildConfigurationList = A10000000000000000000002 /* Build configuration list for PBXNativeTarget "QudratMaghrabi" */;
            buildPhases = (
                F10000000000000000000002 /* Sources */,
                F10000000000000000000001 /* Frameworks */,
                F10000000000000000000003 /* Resources */,
            );
            buildRules = (
            );
            dependencies = (
            );
            name = QudratMaghrabi;
            packageProductDependencies = (
                A50000000000000000000001 /* Supabase */,
            );
            productName = QudratMaghrabi;
            productReference = C1000000000000000000000F /* QudratMaghrabi.app */;
            productType = "com.apple.product-type.application";
        };
/* End PBXNativeTarget section */

/* Begin PBXProject section */
        A10000000000000000000001 /* Project object */ = {
            isa = PBXProject;
            attributes = {
                BuildIndependentTargetsInParallel = 1;
                LastSwiftUpdateCheck = 1600;
                LastUpgradeCheck = 1600;
                TargetAttributes = {
                    E10000000000000000000001 = {
                        CreatedOnToolsVersion = 16.0;
                    };
                };
            };
            buildConfigurationList = A30000000000000000000001 /* Build configuration list for PBXProject "QudratMaghrabi" */;
            compatibilityVersion = "Xcode 14.0";
            developmentRegion = ar;
            hasScannedForEncodings = 0;
            knownRegions = (
                ar,
                Base,
            );
            mainGroup = D10000000000000000000001;
            productRefGroup = D10000000000000000000002 /* Products */;
            packageReferences = (
                A40000000000000000000001 /* XCRemoteSwiftPackageReference "supabase-swift" */,
            );
            projectDirPath = "";
            projectRoot = "";
            targets = (
                E10000000000000000000001 /* QudratMaghrabi */,
            );
        };
/* End PBXProject section */

/* Begin PBXResourcesBuildPhase section */
        F10000000000000000000003 /* Resources */ = {
            isa = PBXResourcesBuildPhase;
            buildActionMask = 2147483647;
            files = (
                B10000000000000000000009 /* Assets.xcassets in Resources */,
                B1000000000000000000000A /* frutiger-arabic-light.ttf in Resources */,
                B1000000000000000000000B /* frutiger-arabic-roman.ttf in Resources */,
                B1000000000000000000000C /* frutiger-arabic-bold.otf in Resources */,
                B1000000000000000000000D /* frutiger-arabic-black.otf in Resources */,
                B10000000000000000000017 /* PrivacyInfo.xcprivacy in Resources */,
            );
            runOnlyForDeploymentPostprocessing = 0;
        };
/* End PBXResourcesBuildPhase section */

/* Begin PBXSourcesBuildPhase section */
        F10000000000000000000002 /* Sources */ = {
            isa = PBXSourcesBuildPhase;
            buildActionMask = 2147483647;
            files = (
                B10000000000000000000001 /* QudratMaghrabiApp.swift in Sources */,
                B10000000000000000000002 /* AppShellView.swift in Sources */,
                B10000000000000000000003 /* QMTheme.swift in Sources */,
                B10000000000000000000004 /* QMComponents.swift in Sources */,
                B10000000000000000000005 /* HomeView.swift in Sources */,
                B10000000000000000000006 /* LessonView.swift in Sources */,
                B10000000000000000000007 /* PracticeView.swift in Sources */,
                B10000000000000000000008 /* ProfileView.swift in Sources */,
                B1000000000000000000000F /* AppConfiguration.swift in Sources */,
                B10000000000000000000010 /* AppSession.swift in Sources */,
                B10000000000000000000011 /* PlatformModels.swift in Sources */,
                B10000000000000000000012 /* PlatformService.swift in Sources */,
                B10000000000000000000013 /* AuthView.swift in Sources */,
                B10000000000000000000014 /* NotificationsView.swift in Sources */,
                B10000000000000000000015 /* ParentDashboardView.swift in Sources */,
                B10000000000000000000016 /* VideoPlayerView.swift in Sources */,
            );
            runOnlyForDeploymentPostprocessing = 0;
        };
/* End PBXSourcesBuildPhase section */

/* Begin XCBuildConfiguration section */
        A20000000000000000000001 /* Debug */ = {
            isa = XCBuildConfiguration;
            buildSettings = {
                ALWAYS_SEARCH_USER_PATHS = NO;
                CLANG_ANALYZER_NONNULL = YES;
                CLANG_ENABLE_MODULES = YES;
                CLANG_ENABLE_OBJC_ARC = YES;
                CLANG_WARN_BOOL_CONVERSION = YES;
                CLANG_WARN_CONSTANT_CONVERSION = YES;
                CLANG_WARN_DOCUMENTATION_COMMENTS = YES;
                CLANG_WARN_EMPTY_BODY = YES;
                CLANG_WARN_ENUM_CONVERSION = YES;
                CLANG_WARN_INFINITE_RECURSION = YES;
                CLANG_WARN_INT_CONVERSION = YES;
                CLANG_WARN_SUSPICIOUS_MOVE = YES;
                COPY_PHASE_STRIP = NO;
                DEBUG_INFORMATION_FORMAT = dwarf;
                ENABLE_TESTABILITY = YES;
                GCC_C_LANGUAGE_STANDARD = gnu17;
                GCC_OPTIMIZATION_LEVEL = 0;
                GCC_PREPROCESSOR_DEFINITIONS = (
                    "DEBUG=1",
                    "$(inherited)",
                );
                GCC_WARN_64_TO_32_BIT_CONVERSION = YES;
                GCC_WARN_ABOUT_RETURN_TYPE = YES_ERROR;
                GCC_WARN_UNDECLARED_SELECTOR = YES;
                GCC_WARN_UNINITIALIZED_AUTOS = YES_AGGRESSIVE;
                GCC_WARN_UNUSED_FUNCTION = YES;
                GCC_WARN_UNUSED_VARIABLE = YES;
                MTL_ENABLE_DEBUG_INFO = INCLUDE_SOURCE;
                MTL_FAST_MATH = YES;
                ONLY_ACTIVE_ARCH = YES;
                SDKROOT = iphoneos;
                SWIFT_ACTIVE_COMPILATION_CONDITIONS = DEBUG;
                SWIFT_OPTIMIZATION_LEVEL = "-Onone";
            };
            name = Debug;
        };
        A20000000000000000000002 /* Release */ = {
            isa = XCBuildConfiguration;
            buildSettings = {
                ALWAYS_SEARCH_USER_PATHS = NO;
                CLANG_ANALYZER_NONNULL = YES;
                CLANG_ENABLE_MODULES = YES;
                CLANG_ENABLE_OBJC_ARC = YES;
                CLANG_WARN_BOOL_CONVERSION = YES;
                CLANG_WARN_CONSTANT_CONVERSION = YES;
                CLANG_WARN_DOCUMENTATION_COMMENTS = YES;
                CLANG_WARN_EMPTY_BODY = YES;
                CLANG_WARN_ENUM_CONVERSION = YES;
                CLANG_WARN_INFINITE_RECURSION = YES;
                CLANG_WARN_INT_CONVERSION = YES;
                CLANG_WARN_SUSPICIOUS_MOVE = YES;
                COPY_PHASE_STRIP = NO;
                DEBUG_INFORMATION_FORMAT = "dwarf-with-dsym";
                ENABLE_NS_ASSERTIONS = NO;
                GCC_C_LANGUAGE_STANDARD = gnu17;
                GCC_WARN_64_TO_32_BIT_CONVERSION = YES;
                GCC_WARN_ABOUT_RETURN_TYPE = YES_ERROR;
                GCC_WARN_UNDECLARED_SELECTOR = YES;
                GCC_WARN_UNINITIALIZED_AUTOS = YES_AGGRESSIVE;
                GCC_WARN_UNUSED_FUNCTION = YES;
                GCC_WARN_UNUSED_VARIABLE = YES;
                MTL_ENABLE_DEBUG_INFO = NO;
                MTL_FAST_MATH = YES;
                SDKROOT = iphoneos;
                SWIFT_COMPILATION_MODE = wholemodule;
                VALIDATE_PRODUCT = YES;
            };
            name = Release;
        };
        A20000000000000000000003 /* Debug */ = {
            isa = XCBuildConfiguration;
            baseConfigurationReference = C10000000000000000000010 /* Config.xcconfig */;
            buildSettings = {
                ASSETCATALOG_COMPILER_APPICON_NAME = AppIcon;
                ASSETCATALOG_COMPILER_GLOBAL_ACCENT_COLOR_NAME = AccentColor;
                CODE_SIGN_STYLE = Automatic;
                CURRENT_PROJECT_VERSION = 1;
                DEVELOPMENT_TEAM = "";
                GENERATE_INFOPLIST_FILE = NO;
                INFOPLIST_FILE = QudratMaghrabi/Info.plist;
                IPHONEOS_DEPLOYMENT_TARGET = 17.0;
                LD_RUNPATH_SEARCH_PATHS = (
                    "$(inherited)",
                    "@executable_path/Frameworks",
                );
                MARKETING_VERSION = 1.0;
                PRODUCT_BUNDLE_IDENTIFIER = com.qudratmaghrabi.app;
                PRODUCT_NAME = "$(TARGET_NAME)";
                SUPPORTED_PLATFORMS = "iphoneos iphonesimulator";
                SUPPORTS_MACCATALYST = NO;
                SWIFT_EMIT_LOC_STRINGS = YES;
                SWIFT_VERSION = 5.0;
                TARGETED_DEVICE_FAMILY = 1;
            };
            name = Debug;
        };
        A20000000000000000000004 /* Release */ = {
            isa = XCBuildConfiguration;
            baseConfigurationReference = C10000000000000000000010 /* Config.xcconfig */;
            buildSettings = {
                ASSETCATALOG_COMPILER_APPICON_NAME = AppIcon;
                ASSETCATALOG_COMPILER_GLOBAL_ACCENT_COLOR_NAME = AccentColor;
                CODE_SIGN_STYLE = Automatic;
                CURRENT_PROJECT_VERSION = 1;
                DEVELOPMENT_TEAM = "";
                GENERATE_INFOPLIST_FILE = NO;
                INFOPLIST_FILE = QudratMaghrabi/Info.plist;
                IPHONEOS_DEPLOYMENT_TARGET = 17.0;
                LD_RUNPATH_SEARCH_PATHS = (
                    "$(inherited)",
                    "@executable_path/Frameworks",
                );
                MARKETING_VERSION = 1.0;
                PRODUCT_BUNDLE_IDENTIFIER = com.qudratmaghrabi.app;
                PRODUCT_NAME = "$(TARGET_NAME)";
                SUPPORTED_PLATFORMS = "iphoneos iphonesimulator";
                SUPPORTS_MACCATALYST = NO;
                SWIFT_EMIT_LOC_STRINGS = YES;
                SWIFT_VERSION = 5.0;
                TARGETED_DEVICE_FAMILY = 1;
            };
            name = Release;
        };
/* End XCBuildConfiguration section */

/* Begin XCConfigurationList section */
        A30000000000000000000001 /* Build configuration list for PBXProject "QudratMaghrabi" */ = {
            isa = XCConfigurationList;
            buildConfigurations = (
                A20000000000000000000001 /* Debug */,
                A20000000000000000000002 /* Release */,
            );
            defaultConfigurationIsVisible = 0;
            defaultConfigurationName = Release;
        };
        A10000000000000000000002 /* Build configuration list for PBXNativeTarget "QudratMaghrabi" */ = {
            isa = XCConfigurationList;
            buildConfigurations = (
                A20000000000000000000003 /* Debug */,
                A20000000000000000000004 /* Release */,
            );
            defaultConfigurationIsVisible = 0;
            defaultConfigurationName = Release;
        };
/* End XCConfigurationList section */

/* Begin XCRemoteSwiftPackageReference section */
        A40000000000000000000001 /* XCRemoteSwiftPackageReference "supabase-swift" */ = {
            isa = XCRemoteSwiftPackageReference;
            repositoryURL = "https://github.com/supabase/supabase-swift";
            requirement = {
                kind = upToNextMajorVersion;
                minimumVersion = 2.44.0;
            };
        };
/* End XCRemoteSwiftPackageReference section */

/* Begin XCSwiftPackageProductDependency section */
        A50000000000000000000001 /* Supabase */ = {
            isa = XCSwiftPackageProductDependency;
            package = A40000000000000000000001 /* XCRemoteSwiftPackageReference "supabase-swift" */;
            productName = Supabase;
        };
/* End XCSwiftPackageProductDependency section */
    };
    rootObject = A10000000000000000000001 /* Project object */;
}
